
Microsoft Visual Studio Solution File, Format Version 12.00
# Visual Studio Version 17
VisualStudioVersion = 17.0.31903.59
MinimumVisualStudioVersion = 10.0.40219.1
Project("{FAE04EC0-301F-11D3-BF4B-00C04F79EFBC}") = "DuskboundPartyPing", "DuskboundPartyPing\DuskboundPartyPing.csproj", "{9C9F4BF9-5E9A-4F02-B85F-E77155F941BC}"
EndProject
Global
	GlobalSection(SolutionConfigurationPlatforms) = preSolution
		Debug|x64 = Debug|x64
		Release|x64 = Release|x64
	EndGlobalSection
	GlobalSection(ProjectConfigurationPlatforms) = postSolution
		{9C9F4BF9-5E9A-4F02-B85F-E77155F941BC}.Debug|x64.ActiveCfg = Debug|x64
		{9C9F4BF9-5E9A-4F02-B85F-E77155F941BC}.Debug|x64.Build.0 = Debug|x64
		{9C9F4BF9-5E9A-4F02-B85F-E77155F941BC}.Release|x64.ActiveCfg = Release|x64
		{9C9F4BF9-5E9A-4F02-B85F-E77155F941BC}.Release|x64.Build.0 = Release|x64
	EndGlobalSection
	GlobalSection(SolutionProperties) = preSolution
		HideSolutionNode = FALSE
	EndGlobalSection
	GlobalSection(ExtensibilityGlobals) = postSolution
		SolutionGuid = {E0CA52E9-91BA-4BCF-818A-8479F4644062}
	EndGlobalSection
EndGlobal
